
Microsoft Visual Studio Solution File, Format Version 12.00
# Visual Studio Version 17
VisualStudioVersion = 17.7.34221.43
MinimumVisualStudioVersion = 10.0.40219.1
Project("{FAE04EC0-301F-11D3-BF4B-00C04F79EFBC}") = "Fuel Delivery", "Fuel Delivery\Fuel Delivery.csproj", "{8047C202-5487-4003-ACD6-5428A75EB158}"
EndProject
Global
	GlobalSection(SolutionConfigurationPlatforms) = preSolution
		Debug|Any CPU = Debug|Any CPU
		Release|Any CPU = Release|Any CPU
	EndGlobalSection
	GlobalSection(ProjectConfigurationPlatforms) = postSolution
		{8047C202-5487-4003-ACD6-5428A75EB158}.Debug|Any CPU.ActiveCfg = Debug|Any CPU
		{8047C202-5487-4003-ACD6-5428A75EB158}.Debug|Any CPU.Build.0 = Debug|Any CPU
		{8047C202-5487-4003-ACD6-5428A75EB158}.Release|Any CPU.ActiveCfg = Release|Any CPU
		{8047C202-5487-4003-ACD6-5428A75EB158}.Release|Any CPU.Build.0 = Release|Any CPU
	EndGlobalSection
	GlobalSection(SolutionProperties) = preSolution
		HideSolutionNode = FALSE
	EndGlobalSection
	GlobalSection(ExtensibilityGlobals) = postSolution
		SolutionGuid = {1F9FCFB5-E19B-43C2-9C85-ADB7E9FDF6BF}
	EndGlobalSection
EndGlobal
